{"SurveyEntry":{"SurveyID":"SV_2meB4QaSwyBz9nn","SurveyName":"BaseSurvey","SurveyDescription":null,"SurveyOwnerID":"UR_5byFUUtI3qbwPtz","SurveyBrandID":"neuchatel","DivisionID":null,"SurveyLanguage":"EN","SurveyActiveResponseSet":"RS_1U3dnNVt6uJvExf","SurveyStatus":"Inactive","SurveyStartDate":"0000-00-00 00:00:00","SurveyExpirationDate":"0000-00-00 00:00:00","SurveyCreationDate":"2019-03-25 00:23:24","CreatorID":"UR_5byFUUtI3qbwPtz","LastModified":"2019-03-29 00:43:17","LastAccessed":"0000-00-00 00:00:00","LastActivated":"0000-00-00 00:00:00","Deleted":null},"SurveyElements":[{"SurveyID":"SV_2meB4QaSwyBz9nn","Element":"BL","PrimaryAttribute":"Survey Blocks","SecondaryAttribute":null,"TertiaryAttribute":null,"Payload":[{"Type":"Default","Description":"Introduction","ID":"BL_9Eo4SwpJ2Vi1omp","BlockElements":[{"Type":"Question","QuestionID":"QID1"}]},{"Type":"Trash","Description":"Trash \/ Unused Questions","ID":"BL_cwr26HePGRVtaeN","BlockElements":[]},{"Type":"Standard","SubType":"","Description":"Pre-experiment questions","ID":"BL_0GtnVUtSLc3jN4N","BlockElements":[{"Type":"Question","QuestionID":"QID2"}]},{"Type":"Standard","SubType":"","Description":"Post-DCE questions","ID":"BL_6mX3bRgnqef2py5","BlockElements":[{"Type":"Question","QuestionID":"QID3"}]},{"Type":"Standard","SubType":"","Description":"DCE","ID":"BL_8HXlwbsxsAupry5","BlockElements":[{"Type":"Question","QuestionID":"QID4"}]}]},{"SurveyID":"SV_2meB4QaSwyBz9nn","Element":"FL","PrimaryAttribute":"Survey Flow","SecondaryAttribute":null,"TertiaryAttribute":null,"Payload":{"Type":"Root","FlowID":"FL_1","Flow":[{"Type":"Block","ID":"BL_9Eo4SwpJ2Vi1omp","FlowID":"FL_2"},{"Type":"Standard","ID":"BL_0GtnVUtSLc3jN4N","FlowID":"FL_3"},{"Type":"Block","ID":"BL_8HXlwbsxsAupry5","FlowID":"FL_6"},{"Type":"Standard","ID":"BL_6mX3bRgnqef2py5","FlowID":"FL_4"}],"Properties":{"Count":8,"RemovedFieldsets":[]}}},{"SurveyID":"SV_2meB4QaSwyBz9nn","Element":"SO","PrimaryAttribute":"Survey Options","SecondaryAttribute":null,"TertiaryAttribute":null,"Payload":{"BackButton":"true","SaveAndContinue":"true","SurveyProtection":"PublicSurvey","BallotBoxStuffingPrevention":"false","NoIndex":"Yes","SecureResponseFiles":"true","SurveyExpiration":null,"SurveyTermination":"DefaultMessage","Header":"","Footer":"","ProgressBarDisplay":"None","PartialData":"+1 week","ValidationMessage":null,"PreviousButton":" \u2190 ","NextButton":" \u2192 ","SkinLibrary":"neuchatel","SkinType":"templated","Skin":{"brandingId":null,"templateId":"*2014","overrides":null},"NewScoring":1,"SurveyAnalysisDisabled":true,"CustomStyles":[],"EOSMessage":"","ShowExportTags":"false","CollectGeoLocation":"false","SurveyTitle":"Online Survey Software | Qualtrics Survey Solutions","SurveyMetaDescription":"Qualtrics sophisticated online survey software solutions make creating online surveys easy. Learn more about Research Suite and get a free account today.","PasswordProtection":"No","AnonymizeResponse":"No","Password":"","RefererCheck":"No","RefererURL":"http:\/\/","ResponseSummary":"No","EOSMessageLibrary":"","EOSRedirectURL":"https:\/\/","EmailThankYou":"false","ThankYouEmailMessageLibrary":null,"ThankYouEmailMessage":null,"ValidateMessage":"false","ValidationMessageLibrary":null,"InactiveSurvey":"DefaultMessage","PartialDataCloseAfter":"LastActivity","ActiveResponseSet":null,"InactiveMessageLibrary":"","InactiveMessage":"","AvailableLanguages":{"EN":[],"FR":[]}}},{"SurveyID":"SV_2meB4QaSwyBz9nn","Element":"SCO","PrimaryAttribute":"Scoring","SecondaryAttribute":null,"TertiaryAttribute":null,"Payload":{"ScoringCategories":[],"ScoringCategoryGroups":[],"ScoringSummaryCategory":null,"ScoringSummaryAfterQuestions":0,"ScoringSummaryAfterSurvey":0,"DefaultScoringCategory":null,"AutoScoringCategory":null}},{"SurveyID":"SV_2meB4QaSwyBz9nn","Element":"PROJ","PrimaryAttribute":"CORE","SecondaryAttribute":null,"TertiaryAttribute":"1.1.0","Payload":{"ProjectCategory":"CORE","SchemaVersion":"1.1.0"}},{"SurveyID":"SV_2meB4QaSwyBz9nn","Element":"STAT","PrimaryAttribute":"Survey Statistics","SecondaryAttribute":null,"TertiaryAttribute":null,"Payload":{"MobileCompatible":true,"ID":"Survey Statistics"}},{"SurveyID":"SV_2meB4QaSwyBz9nn","Element":"QC","PrimaryAttribute":"Survey Question Count","SecondaryAttribute":"20","TertiaryAttribute":null,"Payload":null},{"SurveyID":"SV_2meB4QaSwyBz9nn","Element":"RS","PrimaryAttribute":"RS_1U3dnNVt6uJvExf","SecondaryAttribute":"Default Response Set","TertiaryAttribute":null,"Payload":null},{"SurveyID":"SV_2meB4QaSwyBz9nn","Element":"SQ","PrimaryAttribute":"QID3","SecondaryAttribute":"Insert here post-DCE questions and conclusion.","TertiaryAttribute":null,"Payload":{"QuestionText":"Insert here post-DCE questions and conclusion.","DefaultChoices":false,"QuestionType":"DB","Selector":"TB","Configuration":{"QuestionDescriptionOption":"UseText"},"QuestionDescription":"Insert here post-DCE questions and conclusion.","ChoiceOrder":[],"Validation":{"Settings":{"Type":"None"}},"GradingData":[],"Language":{"FR":{"QuestionText":"Ins\u00e9rer ici les questions post-DCE et la conclusion."}},"NextChoiceId":4,"NextAnswerId":1,"QuestionText_Unsafe":"Here could be included a series of pre-experiment questions.","DataExportTag":"postdce","QuestionID":"QID3","DataVisibility":{"Private":false,"Hidden":false}}},{"SurveyID":"SV_2meB4QaSwyBz9nn","Element":"SQ","PrimaryAttribute":"QID2","SecondaryAttribute":"Insert here pre-DCE questions and introduction to DCE.","TertiaryAttribute":null,"Payload":{"QuestionText":"Insert here pre-DCE questions and introduction to DCE.","DefaultChoices":false,"DataExportTag":"predce","QuestionType":"DB","Selector":"TB","Configuration":{"QuestionDescriptionOption":"UseText"},"QuestionDescription":"Insert here pre-DCE questions and introduction to DCE.","ChoiceOrder":[],"Validation":{"Settings":{"Type":"None"}},"GradingData":[],"Language":{"FR":{"QuestionText":"Ins\u00e9rer ici les questions pr\u00e9-DCE et l\u2019introduction au DCE."}},"NextChoiceId":4,"NextAnswerId":1,"QuestionID":"QID2","DataVisibility":{"Private":false,"Hidden":false}}},{"SurveyID":"SV_2meB4QaSwyBz9nn","Element":"SQ","PrimaryAttribute":"QID4","SecondaryAttribute":"Insert here the DCE (choice tasks).","TertiaryAttribute":null,"Payload":{"QuestionText":"Insert here the DCE (choice tasks).","DefaultChoices":false,"DataExportTag":"dce","QuestionType":"DB","Selector":"TB","Configuration":{"QuestionDescriptionOption":"UseText"},"QuestionDescription":"Insert here the DCE (choice tasks).","ChoiceOrder":[],"Validation":{"Settings":{"Type":"None"}},"GradingData":[],"Language":{"FR":{"QuestionText":"Ins\u00e9rer ici le DCE (situation de choix)."}},"NextChoiceId":4,"NextAnswerId":1,"QuestionID":"QID4","DataVisibility":{"Private":false,"Hidden":false}}},{"SurveyID":"SV_2meB4QaSwyBz9nn","Element":"SQ","PrimaryAttribute":"QID1","SecondaryAttribute":"This survey is an illustrative example described in the paper: \"A step-by-step procedure to imple...","TertiaryAttribute":null,"Payload":{"QuestionText":"<div style=\"text-align: center;\"><span style=\"font-size:22px;\">This survey is an illustrative example described in the paper:<br \/>\n&quot;A step-by-step procedure to implement discrete choice experiments in Qualtrics&quot;<\/span><br \/>\n<br \/>\n<span style=\"font-size:19px;\">Sylvain Weber<\/span><\/div>\n\n<div style=\"text-align: center;\"><span style=\"font-size:16px;\">University of Neuch&acirc;tel<br \/>\n<a href=\"mailto:sylvain.weber@unine.ch\">sylvain.weber@unine.ch<\/a><\/span><br \/>\n&nbsp;<\/div>\n\n<div style=\"text-align: center;\"><span style=\"font-size:19px;\">28 March, 2019<\/span><\/div>","DefaultChoices":false,"DataExportTag":"intro","QuestionType":"DB","Selector":"TB","Configuration":{"QuestionDescriptionOption":"UseText"},"QuestionDescription":"This survey is an illustrative example described in the paper: \"A step-by-step procedure to imple...","ChoiceOrder":[],"Validation":{"Settings":{"Type":"None"}},"GradingData":[],"Language":{"FR":{"QuestionText":"<div style=\"text-align: center;\"><span style=\"font-size:22px;\">Cette enqu\u00eate est un exemple illustratif d\u00e9crit dans le document:<br>\n\"A step-by-step procedure to implement discrete choice experiments in Qualtrics\"<\/span><br>\n<br>\n<span style=\"font-size:19px;\">Sylvain Weber<\/span><\/div>\n\n<div style=\"text-align: center;\"><span style=\"font-size:16px;\">Universit\u00e9 de Neuch\u00e2tel<br>\n<a href=\"mailto:sylvain.weber@unine.ch\">sylvain.weber@unine.ch<\/a><\/span><br>\n&nbsp;<\/div>\n\n<div style=\"text-align: center;\"><span style=\"font-size:19px;\">28 mars 2019<\/span><\/div>"}},"NextChoiceId":4,"NextAnswerId":1,"QuestionID":"QID1","DataVisibility":{"Private":false,"Hidden":false}}}]}